
Microsoft Visual Studio Solution File, Format Version 12.00
# Visual Studio Version 16
VisualStudioVersion = 16.0.31624.102
MinimumVisualStudioVersion = 10.0.40219.1
Project("{FAE04EC0-301F-11D3-BF4B-00C04F79EFBC}") = "SofCaptionThis", "SofCaptionThis\SofCaptionThis.csproj", "{645642E4-E396-4B7F-8342-BA8D93EB7F1C}"
EndProject
Global
	GlobalSection(SolutionConfigurationPlatforms) = preSolution
		Debug|Any CPU = Debug|Any CPU
		Release|Any CPU = Release|Any CPU
	EndGlobalSection
	GlobalSection(ProjectConfigurationPlatforms) = postSolution
		{645642E4-E396-4B7F-8342-BA8D93EB7F1C}.Debug|Any CPU.ActiveCfg = Debug|Any CPU
		{645642E4-E396-4B7F-8342-BA8D93EB7F1C}.Debug|Any CPU.Build.0 = Debug|Any CPU
		{645642E4-E396-4B7F-8342-BA8D93EB7F1C}.Release|Any CPU.ActiveCfg = Release|Any CPU
		{645642E4-E396-4B7F-8342-BA8D93EB7F1C}.Release|Any CPU.Build.0 = Release|Any CPU
	EndGlobalSection
	GlobalSection(SolutionProperties) = preSolution
		HideSolutionNode = FALSE
	EndGlobalSection
	GlobalSection(ExtensibilityGlobals) = postSolution
		SolutionGuid = {B04632EE-FE75-4A5B-8102-5EDE69D439C0}
	EndGlobalSection
EndGlobal
